// !$*UTF8*$!
{
	archiveVersion = 1;
	classes = {
	};
	objectVersion = 46;
	objects = {

/* Begin PBXBuildFile section */
		244D224B1DB7AEBB00497D02 /* AppDelegate.swift in Sources */ = {isa = PBXBuildFile; fileRef = 244D224A1DB7AEBB00497D02 /* AppDelegate.swift */; };
		244D224D1DB7AEBB00497D02 /* ViewController.swift in Sources */ = {isa = PBXBuildFile; fileRef = 244D224C1DB7AEBB00497D02 /* ViewController.swift */; };
		244D22501DB7AEBB00497D02 /* Main.storyboard in Resources */ = {isa = PBXBuildFile; fileRef = 244D224E1DB7AEBB00497D02 /* Main.storyboard */; };
		244D22521DB7AEBB00497D02 /* Assets.xcassets in Resources */ = {isa = PBXBuildFile; fileRef = 244D22511DB7AEBB00497D02 /* Assets.xcassets */; };
		244D22551DB7AEBB00497D02 /* LaunchScreen.storyboard in Resources */ = {isa = PBXBuildFile; fileRef = 244D22531DB7AEBB00497D02 /* LaunchScreen.storyboard */; };
/* End PBXBuildFile section */

/* Begin PBXFileReference section */
		244D22471DB7AEBB00497D02 /* layout.app */ = {isa = PBXFileReference; explicitFileType = wrapper.application; includeInIndex = 0; path = layout.app; sourceTree = BUILT_PRODUCTS_DIR; };
		244D224A1DB7AEBB00497D02 /* AppDelegate.swift */ = {isa = PBXFileReference; lastKnownFileType = sourcecode.swift; path = AppDelegate.swift; sourceTree = "<group>"; };
		244D224C1DB7AEBB00497D02 /* ViewController.swift */ = {isa = PBXFileReference; lastKnownFileType = sourcecode.swift; path = ViewController.swift; sourceTree = "<group>"; };
		244D224F1DB7AEBB00497D02 /* Base */ = {isa = PBXFileReference; lastKnownFileType = file.storyboard; name = Base; path = Base.lproj/Main.storyboard; sourceTree = "<group>"; };
		244D22511DB7AEBB00497D02 /* Assets.xcassets */ = {isa = PBXFileReference; lastKnownFileType = folder.assetcatalog; path = Assets.xcassets; sourceTree = "<group>"; };
		244D22541DB7AEBB00497D02 /* Base */ = {isa = PBXFileReference; lastKnownFileType = file.storyboard; name = Base; path = Base.lproj/LaunchScreen.storyboard; sourceTree = "<group>"; };
		244D22561DB7AEBB00497D02 /* Info.plist */ = {isa = PBXFileReference; lastKnownFileType = text.plist.xml; path = Info.plist; sourceTree = "<group>"; };
/* End PBXFileReference section */

/* Begin PBXFrameworksBuildPhase section */
		244D22441DB7AEBB00497D02 /* Frameworks */ = {
			isa = PBXFrameworksBuildPhase;
			buildActionMask = 2147483647;
			files = (
			);
			runOnlyForDeploymentPostprocessing = 0;
		};
/* End PBXFrameworksBuildPhase section */

/* Begin PBXGroup section */
		244D223E1DB7AEBB00497D02 = {
			isa = PBXGroup;
			children = (
				244D22491DB7AEBB00497D02 /* layout */,
				244D22481DB7AEBB00497D02 /* Products */,
			);
			sourceTree = "<group>";
		};
		244D22481DB7AEBB00497D02 /* Products */ = {
			isa = PBXGroup;
			children = (
				244D22471DB7AEBB00497D02 /* layout.app */,
			);
			name = Products;
			sourceTree = "<group>";
		};
		244D22491DB7AEBB00497D02 /* layout */ = {
			isa = PBXGroup;
			children = (
				244D224A1DB7AEBB00497D02 /* AppDelegate.swift */,
				244D224C1DB7AEBB00497D02 /* ViewController.swift */,
				244D224E1DB7AEBB00497D02 /* Main.storyboard */,
				244D22511DB7AEBB00497D02 /* Assets.xcassets */,
				244D22531DB7AEBB00497D02 /* LaunchScreen.storyboard */,
				244D22561DB7AEBB00497D02 /* Info.plist */,
			);
			path = layout;
			sourceTree = "<group>";
		};
/* End PBXGroup section */

/* Begin PBXNativeTarget section */
		244D22461DB7AEBB00497D02 /* layout */ = {
			isa = PBXNativeTarget;
			buildConfigurationList = 244D22591DB7AEBB00497D02 /* Build configuration list for PBXNativeTarget "layout" */;
			buildPhases = (
				244D22431DB7AEBB00497D02 /* Sources */,
				244D22441DB7AEBB00497D02 /* Frameworks */,
				244D22451DB7AEBB00497D02 /* Resources */,
			);
			buildRules = (
			);
			dependencies = (
			);
			name = layout;
			productName = layout;
			productReference = 244D22471DB7AEBB00497D02 /* layout.app */;
			productType = "com.apple.product-type.application";
		};
/* End PBXNativeTarget section */

/* Begin PBXProject section */
		244D223F1DB7AEBB00497D02 /* Project object */ = {
			isa = PBXProject;
			attributes = {
				LastSwiftUpdateCheck = 0720;
				LastUpgradeCheck = 0720;
				ORGANIZATIONNAME = "Farr, Aaron";
				TargetAttributes = {
					244D22461DB7AEBB00497D02 = {
						CreatedOnToolsVersion = 7.2;
					};
				};
			};
			buildConfigurationList = 244D22421DB7AEBB00497D02 /* Build configuration list for PBXProject "layout" */;
			compatibilityVersion = "Xcode 3.2";
			developmentRegion = English;
			hasScannedForEncodings = 0;
			knownRegions = (
				en,
				Base,
			);
			mainGroup = 244D223E1DB7AEBB00497D02;
			productRefGroup = 244D22481DB7AEBB00497D02 /* Products */;
			projectDirPath = "";
			projectRoot = "";
			targets = (
				244D22461DB7AEBB00497D02 /* layout */,
			);
		};
/* End PBXProject section */

/* Begin PBXResourcesBuildPhase section */
		244D22451DB7AEBB00497D02 /* Resources */ = {
			isa = PBXResourcesBuildPhase;
			buildActionMask = 2147483647;
			files = (
				244D22551DB7AEBB00497D02 /* LaunchScreen.storyboard in Resources */,
				244D22521DB7AEBB00497D02 /* Assets.xcassets in Resources */,
				244D22501DB7AEBB00497D02 /* Main.storyboard in Resources */,
			);
			runOnlyForDeploymentPostprocessing = 0;
		};
/* End PBXResourcesBuildPhase section */

/* Begin PBXSourcesBuildPhase section */
		244D22431DB7AEBB00497D02 /* Sources */ = {
			isa = PBXSourcesBuildPhase;
			buildActionMask = 2147483647;
			files = (
				244D224D1DB7AEBB00497D02 /* ViewController.swift in Sources */,
				244D224B1DB7AEBB00497D02 /* AppDelegate.swift in Sources */,
			);
			runOnlyForDeploymentPostprocessing = 0;
		};
/* End PBXSourcesBuildPhase section */

/* Begin PBXVariantGroup section */
		244D224E1DB7AEBB00497D02 /* Main.storyboard */ = {
			isa = PBXVariantGroup;
			children = (
				244D224F1DB7AEBB00497D02 /* Base */,
			);
			name = Main.storyboard;
			sourceTree = "<group>";
		};
		244D22531DB7AEBB00497D02 /* LaunchScreen.storyboard */ = {
			isa = PBXVariantGroup;
			children = (
				244D22541DB7AEBB00497D02 /* Base */,
			);
			name = LaunchScreen.storyboard;
			sourceTree = "<group>";
		};
/* End PBXVariantGroup section */

/* Begin XCBuildConfiguration section */
		244D22571DB7AEBB00497D02 /* Debug */ = {
			isa = XCBuildConfiguration;
			buildSettings = {
				ALWAYS_SEARCH_USER_PATHS = NO;
				CLANG_CXX_LANGUAGE_STANDARD = "gnu++0x";
				CLANG_CXX_LIBRARY = "libc++";
				CLANG_ENABLE_MODULES = YES;
				CLANG_ENABLE_OBJC_ARC = YES;
				CLANG_WARN_BOOL_CONVERSION = YES;
				CLANG_WARN_CONSTANT_CONVERSION = YES;
				CLANG_WARN_DIRECT_OBJC_ISA_USAGE = YES_ERROR;
				CLANG_WARN_EMPTY_BODY = YES;
				CLANG_WARN_ENUM_CONVERSION = YES;
				CLANG_WARN_INT_CONVERSION = YES;
				CLANG_WARN_OBJC_ROOT_CLASS = YES_ERROR;
				CLANG_WARN_UNREACHABLE_CODE = YES;
				CLANG_WARN__DUPLICATE_METHOD_MATCH = YES;
				"CODE_SIGN_IDENTITY[sdk=iphoneos*]" = "iPhone Developer";
				COPY_PHASE_STRIP = NO;
				DEBUG_INFORMATION_FORMAT = dwarf;
				ENABLE_STRICT_OBJC_MSGSEND = YES;
				ENABLE_TESTABILITY = YES;
				GCC_C_LANGUAGE_STANDARD = gnu99;
				GCC_DYNAMIC_NO_PIC = NO;
				GCC_NO_COMMON_BLOCKS = YES;
				GCC_OPTIMIZATION_LEVEL = 0;
				GCC_PREPROCESSOR_DEFINITIONS = (
					"DEBUG=1",
					"$(inherited)",
				);
				GCC_WARN_64_TO_32_BIT_CONVERSION = YES;
				GCC_WARN_ABOUT_RETURN_TYPE = YES_ERROR;
				GCC_WARN_UNDECLARED_SELECTOR = YES;
				GCC_WARN_UNINITIALIZED_AUTOS = YES_AGGRESSIVE;
				GCC_WARN_UNUSED_FUNCTION = YES;
				GCC_WARN_UNUSED_VARIABLE = YES;
				IPHONEOS_DEPLOYMENT_TARGET = 9.2;
				MTL_ENABLE_DEBUG_INFO = YES;
				ONLY_ACTIVE_ARCH = YES;
				SDKROOT = iphoneos;
				SWIFT_OPTIMIZATION_LEVEL = "-Onone";
				TARGETED_DEVICE_FAMILY = "1,2";
			};
			name = Debug;
		};
		244D22581DB7AEBB00497D02 /* Release */ = {
			isa = XCBuildConfiguration;
			buildSettings = {
				ALWAYS_SEARCH_USER_PATHS = NO;
				CLANG_CXX_LANGUAGE_STANDARD = "gnu++0x";
				CLANG_CXX_LIBRARY = "libc++";
				CLANG_ENABLE_MODULES = YES;
				CLANG_ENABLE_OBJC_ARC = YES;
				CLANG_WARN_BOOL_CONVERSION = YES;
				CLANG_WARN_CONSTANT_CONVERSION = YES;
				CLANG_WARN_DIRECT_OBJC_ISA_USAGE = YES_ERROR;
				CLANG_WARN_EMPTY_BODY = YES;
				CLANG_WARN_ENUM_CONVERSION = YES;
				CLANG_WARN_INT_CONVERSION = YES;
				CLANG_WARN_OBJC_ROOT_CLASS = YES_ERROR;
				CLANG_WARN_UNREACHABLE_CODE = YES;
				CLANG_WARN__DUPLICATE_METHOD_MATCH = YES;
				"CODE_SIGN_IDENTITY[sdk=iphoneos*]" = "iPhone Developer";
				COPY_PHASE_STRIP = NO;
				DEBUG_INFORMATION_FORMAT = "dwarf-with-dsym";
				ENABLE_NS_ASSERTIONS = NO;
				ENABLE_STRICT_OBJC_MSGSEND = YES;
				GCC_C_LANGUAGE_STANDARD = gnu99;
				GCC_NO_COMMON_BLOCKS = YES;
				GCC_WARN_64_TO_32_BIT_CONVERSION = YES;
				GCC_WARN_ABOUT_RETURN_TYPE = YES_ERROR;
				GCC_WARN_UNDECLARED_SELECTOR = YES;
				GCC_WARN_UNINITIALIZED_AUTOS = YES_AGGRESSIVE;
				GCC_WARN_UNUSED_FUNCTION = YES;
				GCC_WARN_UNUSED_VARIABLE = YES;
				IPHONEOS_DEPLOYMENT_TARGET = 9.2;
				MTL_ENABLE_DEBUG_INFO = NO;
				SDKROOT = iphoneos;
				TARGETED_DEVICE_FAMILY = "1,2";
				VALIDATE_PRODUCT = YES;
			};
			name = Release;
		};
		244D225A1DB7AEBB00497D02 /* Debug */ = {
			isa = XCBuildConfiguration;
			buildSettings = {
				ASSETCATALOG_COMPILER_APPICON_NAME = AppIcon;
				INFOPLIST_FILE = layout/Info.plist;
				LD_RUNPATH_SEARCH_PATHS = "$(inherited) @executable_path/Frameworks";
				PRODUCT_BUNDLE_IDENTIFIER = "Farr--Aaron.layout";
				PRODUCT_NAME = "$(TARGET_NAME)";
			};
			name = Debug;
		};
		244D225B1DB7AEBB00497D02 /* Release */ = {
			isa = XCBuildConfiguration;
			buildSettings = {
				ASSETCATALOG_COMPILER_APPICON_NAME = AppIcon;
				INFOPLIST_FILE = layout/Info.plist;
				LD_RUNPATH_SEARCH_PATHS = "$(inherited) @executable_path/Frameworks";
				PRODUCT_BUNDLE_IDENTIFIER = "Farr--Aaron.layout";
				PRODUCT_NAME = "$(TARGET_NAME)";
			};
			name = Release;
		};
/* End XCBuildConfiguration section */

/* Begin XCConfigurationList section */
		244D22421DB7AEBB00497D02 /* Build configuration list for PBXProject "layout" */ = {
			isa = XCConfigurationList;
			buildConfigurations = (
				244D22571DB7AEBB00497D02 /* Debug */,
				244D22581DB7AEBB00497D02 /* Release */,
			);
			defaultConfigurationIsVisible = 0;
			defaultConfigurationName = Release;
		};
		244D22591DB7AEBB00497D02 /* Build configuration list for PBXNativeTarget "layout" */ = {
			isa = XCConfigurationList;
			buildConfigurations = (
				244D225A1DB7AEBB00497D02 /* Debug */,
				244D225B1DB7AEBB00497D02 /* Release */,
			);
			defaultConfigurationIsVisible = 0;
		};
/* End XCConfigurationList section */
	};
	rootObject = 244D223F1DB7AEBB00497D02 /* Project object */;
}
